
Microsoft Visual Studio Solution File, Format Version 12.00
# Visual Studio Version 16
VisualStudioVersion = 16.0.30523.141
MinimumVisualStudioVersion = 10.0.40219.1
Project("{FAE04EC0-301F-11D3-BF4B-00C04F79EFBC}") = "TestApp", "TestApp\TestApp.csproj", "{BDC5EFF6-D873-449E-B314-C769AD171973}"
EndProject
Global
	GlobalSection(SolutionConfigurationPlatforms) = preSolution
		Debug|Any CPU = Debug|Any CPU
		Release|Any CPU = Release|Any CPU
	EndGlobalSection
	GlobalSection(ProjectConfigurationPlatforms) = postSolution
		{BDC5EFF6-D873-449E-B314-C769AD171973}.Debug|Any CPU.ActiveCfg = Debug|Any CPU
		{BDC5EFF6-D873-449E-B314-C769AD171973}.Debug|Any CPU.Build.0 = Debug|Any CPU
		{BDC5EFF6-D873-449E-B314-C769AD171973}.Release|Any CPU.ActiveCfg = Release|Any CPU
		{BDC5EFF6-D873-449E-B314-C769AD171973}.Release|Any CPU.Build.0 = Release|Any CPU
	EndGlobalSection
	GlobalSection(SolutionProperties) = preSolution
		HideSolutionNode = FALSE
	EndGlobalSection
	GlobalSection(ExtensibilityGlobals) = postSolution
		SolutionGuid = {5B4863C6-DBD7-4E9A-AD97-DA213273C5AF}
	EndGlobalSection
EndGlobal
